
Microsoft Visual Studio Solution File, Format Version 12.00
# Visual Studio 2013
VisualStudioVersion = 12.0.30110.0
MinimumVisualStudioVersion = 10.0.40219.1
Project("{FAE04EC0-301F-11D3-BF4B-00C04F79EFBC}") = "DemoApp.Core", "DemoApp.Core\DemoApp.Core.csproj", "{3310BCE3-9412-4CC3-829F-CBCD670567AE}"
EndProject
Project("{FAE04EC0-301F-11D3-BF4B-00C04F79EFBC}") = "DemoApp.Phone", "DemoApp.Phone\DemoApp.Phone.csproj", "{A9F9519D-4ED9-44A4-91B8-A903EC23B409}"
EndProject
Project("{FAE04EC0-301F-11D3-BF4B-00C04F79EFBC}") = "DemoApp.Touch", "DemoApp.Touch\DemoApp.Touch.csproj", "{7FC41211-F238-49C8-8325-A555C66C19F3}"
EndProject
Project("{FAE04EC0-301F-11D3-BF4B-00C04F79EFBC}") = "DemoApp.Droid", "DemoApp.Droid\DemoApp.Droid.csproj", "{8E099089-99C0-44A8-8927-43670241147D}"
EndProject
Global
	GlobalSection(SolutionConfigurationPlatforms) = preSolution
		Ad-Hoc|Any CPU = Ad-Hoc|Any CPU
		Ad-Hoc|ARM = Ad-Hoc|ARM
		Ad-Hoc|iPhone = Ad-Hoc|iPhone
		Ad-Hoc|iPhoneSimulator = Ad-Hoc|iPhoneSimulator
		Ad-Hoc|Mixed Platforms = Ad-Hoc|Mixed Platforms
		Ad-Hoc|x86 = Ad-Hoc|x86
		AppStore|Any CPU = AppStore|Any CPU
		AppStore|ARM = AppStore|ARM
		AppStore|iPhone = AppStore|iPhone
		AppStore|iPhoneSimulator = AppStore|iPhoneSimulator
		AppStore|Mixed Platforms = AppStore|Mixed Platforms
		AppStore|x86 = AppStore|x86
		Debug|Any CPU = Debug|Any CPU
		Debug|ARM = Debug|ARM
		Debug|iPhone = Debug|iPhone
		Debug|iPhoneSimulator = Debug|iPhoneSimulator
		Debug|Mixed Platforms = Debug|Mixed Platforms
		Debug|x86 = Debug|x86
		Release|Any CPU = Release|Any CPU
		Release|ARM = Release|ARM
		Release|iPhone = Release|iPhone
		Release|iPhoneSimulator = Release|iPhoneSimulator
		Release|Mixed Platforms = Release|Mixed Platforms
		Release|x86 = Release|x86
	EndGlobalSection
	GlobalSection(ProjectConfigurationPlatforms) = postSolution
		{3310BCE3-9412-4CC3-829F-CBCD670567AE}.Ad-Hoc|Any CPU.ActiveCfg = Release|Any CPU
		{3310BCE3-9412-4CC3-829F-CBCD670567AE}.Ad-Hoc|Any CPU.Build.0 = Release|Any CPU
		{3310BCE3-9412-4CC3-829F-CBCD670567AE}.Ad-Hoc|ARM.ActiveCfg = Release|Any CPU
		{3310BCE3-9412-4CC3-829F-CBCD670567AE}.Ad-Hoc|iPhone.ActiveCfg = Release|Any CPU
		{3310BCE3-9412-4CC3-829F-CBCD670567AE}.Ad-Hoc|iPhoneSimulator.ActiveCfg = Release|Any CPU
		{3310BCE3-9412-4CC3-829F-CBCD670567AE}.Ad-Hoc|Mixed Platforms.ActiveCfg = Release|Any CPU
		{3310BCE3-9412-4CC3-829F-CBCD670567AE}.Ad-Hoc|Mixed Platforms.Build.0 = Release|Any CPU
		{3310BCE3-9412-4CC3-829F-CBCD670567AE}.Ad-Hoc|x86.ActiveCfg = Release|Any CPU
		{3310BCE3-9412-4CC3-829F-CBCD670567AE}.AppStore|Any CPU.ActiveCfg = Release|Any CPU
		{3310BCE3-9412-4CC3-829F-CBCD670567AE}.AppStore|Any CPU.Build.0 = Release|Any CPU
		{3310BCE3-9412-4CC3-829F-CBCD670567AE}.AppStore|ARM.ActiveCfg = Release|Any CPU
		{3310BCE3-9412-4CC3-829F-CBCD670567AE}.AppStore|iPhone.ActiveCfg = Release|Any CPU
		{3310BCE3-9412-4CC3-829F-CBCD670567AE}.AppStore|iPhoneSimulator.ActiveCfg = Release|Any CPU
		{3310BCE3-9412-4CC3-829F-CBCD670567AE}.AppStore|Mixed Platforms.ActiveCfg = Release|Any CPU
		{3310BCE3-9412-4CC3-829F-CBCD670567AE}.AppStore|Mixed Platforms.Build.0 = Release|Any CPU
		{3310BCE3-9412-4CC3-829F-CBCD670567AE}.AppStore|x86.ActiveCfg = Release|Any CPU
		{3310BCE3-9412-4CC3-829F-CBCD670567AE}.Debug|Any CPU.ActiveCfg = Debug|Any CPU
		{3310BCE3-9412-4CC3-829F-CBCD670567AE}.Debug|Any CPU.Build.0 = Debug|Any CPU
		{3310BCE3-9412-4CC3-829F-CBCD670567AE}.Debug|ARM.ActiveCfg = Debug|Any CPU
		{3310BCE3-9412-4CC3-829F-CBCD670567AE}.Debug|iPhone.ActiveCfg = Debug|Any CPU
		{3310BCE3-9412-4CC3-829F-CBCD670567AE}.Debug|iPhoneSimulator.ActiveCfg = Debug|Any CPU
		{3310BCE3-9412-4CC3-829F-CBCD670567AE}.Debug|iPhoneSimulator.Build.0 = Debug|Any CPU
		{3310BCE3-9412-4CC3-829F-CBCD670567AE}.Debug|Mixed Platforms.ActiveCfg = Debug|Any CPU
		{3310BCE3-9412-4CC3-829F-CBCD670567AE}.Debug|Mixed Platforms.Build.0 = Debug|Any CPU
		{3310BCE3-9412-4CC3-829F-CBCD670567AE}.Debug|x86.ActiveCfg = Debug|Any CPU
		{3310BCE3-9412-4CC3-829F-CBCD670567AE}.Release|Any CPU.ActiveCfg = Release|Any CPU
		{3310BCE3-9412-4CC3-829F-CBCD670567AE}.Release|Any CPU.Build.0 = Release|Any CPU
		{3310BCE3-9412-4CC3-829F-CBCD670567AE}.Release|ARM.ActiveCfg = Release|Any CPU
		{3310BCE3-9412-4CC3-829F-CBCD670567AE}.Release|iPhone.ActiveCfg = Release|Any CPU
		{3310BCE3-9412-4CC3-829F-CBCD670567AE}.Release|iPhoneSimulator.ActiveCfg = Release|Any CPU
		{3310BCE3-9412-4CC3-829F-CBCD670567AE}.Release|Mixed Platforms.ActiveCfg = Release|Any CPU
		{3310BCE3-9412-4CC3-829F-CBCD670567AE}.Release|Mixed Platforms.Build.0 = Release|Any CPU
		{3310BCE3-9412-4CC3-829F-CBCD670567AE}.Release|x86.ActiveCfg = Release|Any CPU
		{A9F9519D-4ED9-44A4-91B8-A903EC23B409}.Ad-Hoc|Any CPU.ActiveCfg = Release|Any CPU
		{A9F9519D-4ED9-44A4-91B8-A903EC23B409}.Ad-Hoc|Any CPU.Build.0 = Release|Any CPU
		{A9F9519D-4ED9-44A4-91B8-A903EC23B409}.Ad-Hoc|Any CPU.Deploy.0 = Release|Any CPU
		{A9F9519D-4ED9-44A4-91B8-A903EC23B409}.Ad-Hoc|ARM.ActiveCfg = Release|ARM
		{A9F9519D-4ED9-44A4-91B8-A903EC23B409}.Ad-Hoc|ARM.Build.0 = Release|ARM
		{A9F9519D-4ED9-44A4-91B8-A903EC23B409}.Ad-Hoc|ARM.Deploy.0 = Release|ARM
		{A9F9519D-4ED9-44A4-91B8-A903EC23B409}.Ad-Hoc|iPhone.ActiveCfg = Release|Any CPU
		{A9F9519D-4ED9-44A4-91B8-A903EC23B409}.Ad-Hoc|iPhoneSimulator.ActiveCfg = Release|Any CPU
		{A9F9519D-4ED9-44A4-91B8-A903EC23B409}.Ad-Hoc|Mixed Platforms.ActiveCfg = Release|x86
		{A9F9519D-4ED9-44A4-91B8-A903EC23B409}.Ad-Hoc|Mixed Platforms.Build.0 = Release|x86
		{A9F9519D-4ED9-44A4-91B8-A903EC23B409}.Ad-Hoc|Mixed Platforms.Deploy.0 = Release|x86
		{A9F9519D-4ED9-44A4-91B8-A903EC23B409}.Ad-Hoc|x86.ActiveCfg = Release|x86
		{A9F9519D-4ED9-44A4-91B8-A903EC23B409}.Ad-Hoc|x86.Build.0 = Release|x86
		{A9F9519D-4ED9-44A4-91B8-A903EC23B409}.Ad-Hoc|x86.Deploy.0 = Release|x86
		{A9F9519D-4ED9-44A4-91B8-A903EC23B409}.AppStore|Any CPU.ActiveCfg = Release|Any CPU
		{A9F9519D-4ED9-44A4-91B8-A903EC23B409}.AppStore|Any CPU.Build.0 = Release|Any CPU
		{A9F9519D-4ED9-44A4-91B8-A903EC23B409}.AppStore|Any CPU.Deploy.0 = Release|Any CPU
		{A9F9519D-4ED9-44A4-91B8-A903EC23B409}.AppStore|ARM.ActiveCfg = Release|ARM
		{A9F9519D-4ED9-44A4-91B8-A903EC23B409}.AppStore|ARM.Build.0 = Release|ARM
		{A9F9519D-4ED9-44A4-91B8-A903EC23B409}.AppStore|ARM.Deploy.0 = Release|ARM
		{A9F9519D-4ED9-44A4-91B8-A903EC23B409}.AppStore|iPhone.ActiveCfg = Release|Any CPU
		{A9F9519D-4ED9-44A4-91B8-A903EC23B409}.AppStore|iPhoneSimulator.ActiveCfg = Release|Any CPU
		{A9F9519D-4ED9-44A4-91B8-A903EC23B409}.AppStore|Mixed Platforms.ActiveCfg = Release|x86
		{A9F9519D-4ED9-44A4-91B8-A903EC23B409}.AppStore|Mixed Platforms.Build.0 = Release|x86
		{A9F9519D-4ED9-44A4-91B8-A903EC23B409}.AppStore|Mixed Platforms.Deploy.0 = Release|x86
		{A9F9519D-4ED9-44A4-91B8-A903EC23B409}.AppStore|x86.ActiveCfg = Release|x86
		{A9F9519D-4ED9-44A4-91B8-A903EC23B409}.AppStore|x86.Build.0 = Release|x86
		{A9F9519D-4ED9-44A4-91B8-A903EC23B409}.AppStore|x86.Deploy.0 = Release|x86
		{A9F9519D-4ED9-44A4-91B8-A903EC23B409}.Debug|Any CPU.ActiveCfg = Debug|Any CPU
		{A9F9519D-4ED9-44A4-91B8-A903EC23B409}.Debug|ARM.ActiveCfg = Debug|ARM
		{A9F9519D-4ED9-44A4-91B8-A903EC23B409}.Debug|ARM.Build.0 = Debug|ARM
		{A9F9519D-4ED9-44A4-91B8-A903EC23B409}.Debug|ARM.Deploy.0 = Debug|ARM
		{A9F9519D-4ED9-44A4-91B8-A903EC23B409}.Debug|iPhone.ActiveCfg = Debug|Any CPU
		{A9F9519D-4ED9-44A4-91B8-A903EC23B409}.Debug|iPhoneSimulator.ActiveCfg = Debug|Any CPU
		{A9F9519D-4ED9-44A4-91B8-A903EC23B409}.Debug|Mixed Platforms.ActiveCfg = Debug|x86
		{A9F9519D-4ED9-44A4-91B8-A903EC23B409}.Debug|Mixed Platforms.Build.0 = Debug|x86
		{A9F9519D-4ED9-44A4-91B8-A903EC23B409}.Debug|Mixed Platforms.Deploy.0 = Debug|x86
		{A9F9519D-4ED9-44A4-91B8-A903EC23B409}.Debug|x86.ActiveCfg = Debug|x86
		{A9F9519D-4ED9-44A4-91B8-A903EC23B409}.Debug|x86.Build.0 = Debug|x86
		{A9F9519D-4ED9-44A4-91B8-A903EC23B409}.Debug|x86.Deploy.0 = Debug|x86
		{A9F9519D-4ED9-44A4-91B8-A903EC23B409}.Release|Any CPU.ActiveCfg = Release|Any CPU
		{A9F9519D-4ED9-44A4-91B8-A903EC23B409}.Release|Any CPU.Build.0 = Release|Any CPU
		{A9F9519D-4ED9-44A4-91B8-A903EC23B409}.Release|Any CPU.Deploy.0 = Release|Any CPU
		{A9F9519D-4ED9-44A4-91B8-A903EC23B409}.Release|ARM.ActiveCfg = Release|ARM
		{A9F9519D-4ED9-44A4-91B8-A903EC23B409}.Release|ARM.Build.0 = Release|ARM
		{A9F9519D-4ED9-44A4-91B8-A903EC23B409}.Release|ARM.Deploy.0 = Release|ARM
		{A9F9519D-4ED9-44A4-91B8-A903EC23B409}.Release|iPhone.ActiveCfg = Release|Any CPU
		{A9F9519D-4ED9-44A4-91B8-A903EC23B409}.Release|iPhoneSimulator.ActiveCfg = Release|Any CPU
		{A9F9519D-4ED9-44A4-91B8-A903EC23B409}.Release|Mixed Platforms.ActiveCfg = Release|x86
		{A9F9519D-4ED9-44A4-91B8-A903EC23B409}.Release|Mixed Platforms.Build.0 = Release|x86
		{A9F9519D-4ED9-44A4-91B8-A903EC23B409}.Release|Mixed Platforms.Deploy.0 = Release|x86
		{A9F9519D-4ED9-44A4-91B8-A903EC23B409}.Release|x86.ActiveCfg = Release|x86
		{A9F9519D-4ED9-44A4-91B8-A903EC23B409}.Release|x86.Build.0 = Release|x86
		{A9F9519D-4ED9-44A4-91B8-A903EC23B409}.Release|x86.Deploy.0 = Release|x86
		{7FC41211-F238-49C8-8325-A555C66C19F3}.Ad-Hoc|Any CPU.ActiveCfg = Ad-Hoc|iPhone
		{7FC41211-F238-49C8-8325-A555C66C19F3}.Ad-Hoc|ARM.ActiveCfg = Ad-Hoc|iPhone
		{7FC41211-F238-49C8-8325-A555C66C19F3}.Ad-Hoc|iPhone.ActiveCfg = Ad-Hoc|iPhone
		{7FC41211-F238-49C8-8325-A555C66C19F3}.Ad-Hoc|iPhone.Build.0 = Ad-Hoc|iPhone
		{7FC41211-F238-49C8-8325-A555C66C19F3}.Ad-Hoc|iPhone.Deploy.0 = Ad-Hoc|iPhone
		{7FC41211-F238-49C8-8325-A555C66C19F3}.Ad-Hoc|iPhoneSimulator.ActiveCfg = Ad-Hoc|iPhoneSimulator
		{7FC41211-F238-49C8-8325-A555C66C19F3}.Ad-Hoc|iPhoneSimulator.Build.0 = Ad-Hoc|iPhoneSimulator
		{7FC41211-F238-49C8-8325-A555C66C19F3}.Ad-Hoc|iPhoneSimulator.Deploy.0 = Ad-Hoc|iPhoneSimulator
		{7FC41211-F238-49C8-8325-A555C66C19F3}.Ad-Hoc|Mixed Platforms.ActiveCfg = Ad-Hoc|iPhone
		{7FC41211-F238-49C8-8325-A555C66C19F3}.Ad-Hoc|Mixed Platforms.Build.0 = Ad-Hoc|iPhone
		{7FC41211-F238-49C8-8325-A555C66C19F3}.Ad-Hoc|Mixed Platforms.Deploy.0 = Ad-Hoc|iPhone
		{7FC41211-F238-49C8-8325-A555C66C19F3}.Ad-Hoc|x86.ActiveCfg = Ad-Hoc|iPhone
		{7FC41211-F238-49C8-8325-A555C66C19F3}.AppStore|Any CPU.ActiveCfg = AppStore|iPhone
		{7FC41211-F238-49C8-8325-A555C66C19F3}.AppStore|ARM.ActiveCfg = AppStore|iPhone
		{7FC41211-F238-49C8-8325-A555C66C19F3}.AppStore|iPhone.ActiveCfg = AppStore|iPhone
		{7FC41211-F238-49C8-8325-A555C66C19F3}.AppStore|iPhone.Build.0 = AppStore|iPhone
		{7FC41211-F238-49C8-8325-A555C66C19F3}.AppStore|iPhone.Deploy.0 = AppStore|iPhone
		{7FC41211-F238-49C8-8325-A555C66C19F3}.AppStore|iPhoneSimulator.ActiveCfg = AppStore|iPhoneSimulator
		{7FC41211-F238-49C8-8325-A555C66C19F3}.AppStore|iPhoneSimulator.Build.0 = AppStore|iPhoneSimulator
		{7FC41211-F238-49C8-8325-A555C66C19F3}.AppStore|iPhoneSimulator.Deploy.0 = AppStore|iPhoneSimulator
		{7FC41211-F238-49C8-8325-A555C66C19F3}.AppStore|Mixed Platforms.ActiveCfg = AppStore|iPhone
		{7FC41211-F238-49C8-8325-A555C66C19F3}.AppStore|Mixed Platforms.Build.0 = AppStore|iPhone
		{7FC41211-F238-49C8-8325-A555C66C19F3}.AppStore|Mixed Platforms.Deploy.0 = AppStore|iPhone
		{7FC41211-F238-49C8-8325-A555C66C19F3}.AppStore|x86.ActiveCfg = AppStore|iPhone
		{7FC41211-F238-49C8-8325-A555C66C19F3}.Debug|Any CPU.ActiveCfg = Debug|iPhone
		{7FC41211-F238-49C8-8325-A555C66C19F3}.Debug|ARM.ActiveCfg = Debug|iPhone
		{7FC41211-F238-49C8-8325-A555C66C19F3}.Debug|iPhone.ActiveCfg = Debug|iPhone
		{7FC41211-F238-49C8-8325-A555C66C19F3}.Debug|iPhone.Build.0 = Debug|iPhone
		{7FC41211-F238-49C8-8325-A555C66C19F3}.Debug|iPhone.Deploy.0 = Debug|iPhone
		{7FC41211-F238-49C8-8325-A555C66C19F3}.Debug|iPhoneSimulator.ActiveCfg = Debug|iPhoneSimulator
		{7FC41211-F238-49C8-8325-A555C66C19F3}.Debug|iPhoneSimulator.Build.0 = Debug|iPhoneSimulator
		{7FC41211-F238-49C8-8325-A555C66C19F3}.Debug|iPhoneSimulator.Deploy.0 = Debug|iPhoneSimulator
		{7FC41211-F238-49C8-8325-A555C66C19F3}.Debug|Mixed Platforms.ActiveCfg = Debug|iPhone
		{7FC41211-F238-49C8-8325-A555C66C19F3}.Debug|Mixed Platforms.Build.0 = Debug|iPhone
		{7FC41211-F238-49C8-8325-A555C66C19F3}.Debug|Mixed Platforms.Deploy.0 = Debug|iPhone
		{7FC41211-F238-49C8-8325-A555C66C19F3}.Debug|x86.ActiveCfg = Debug|iPhone
		{7FC41211-F238-49C8-8325-A555C66C19F3}.Release|Any CPU.ActiveCfg = Release|iPhone
		{7FC41211-F238-49C8-8325-A555C66C19F3}.Release|ARM.ActiveCfg = Release|iPhone
		{7FC41211-F238-49C8-8325-A555C66C19F3}.Release|iPhone.ActiveCfg = Release|iPhone
		{7FC41211-F238-49C8-8325-A555C66C19F3}.Release|iPhone.Build.0 = Release|iPhone
		{7FC41211-F238-49C8-8325-A555C66C19F3}.Release|iPhone.Deploy.0 = Release|iPhone
		{7FC41211-F238-49C8-8325-A555C66C19F3}.Release|iPhoneSimulator.ActiveCfg = Release|iPhoneSimulator
		{7FC41211-F238-49C8-8325-A555C66C19F3}.Release|iPhoneSimulator.Build.0 = Release|iPhoneSimulator
		{7FC41211-F238-49C8-8325-A555C66C19F3}.Release|iPhoneSimulator.Deploy.0 = Release|iPhoneSimulator
		{7FC41211-F238-49C8-8325-A555C66C19F3}.Release|Mixed Platforms.ActiveCfg = Release|iPhone
		{7FC41211-F238-49C8-8325-A555C66C19F3}.Release|Mixed Platforms.Build.0 = Release|iPhone
		{7FC41211-F238-49C8-8325-A555C66C19F3}.Release|Mixed Platforms.Deploy.0 = Release|iPhone
		{7FC41211-F238-49C8-8325-A555C66C19F3}.Release|x86.ActiveCfg = Release|iPhone
		{8E099089-99C0-44A8-8927-43670241147D}.Ad-Hoc|Any CPU.ActiveCfg = Release|Any CPU
		{8E099089-99C0-44A8-8927-43670241147D}.Ad-Hoc|Any CPU.Build.0 = Release|Any CPU
		{8E099089-99C0-44A8-8927-43670241147D}.Ad-Hoc|Any CPU.Deploy.0 = Release|Any CPU
		{8E099089-99C0-44A8-8927-43670241147D}.Ad-Hoc|ARM.ActiveCfg = Release|Any CPU
		{8E099089-99C0-44A8-8927-43670241147D}.Ad-Hoc|iPhone.ActiveCfg = Release|Any CPU
		{8E099089-99C0-44A8-8927-43670241147D}.Ad-Hoc|iPhoneSimulator.ActiveCfg = Release|Any CPU
		{8E099089-99C0-44A8-8927-43670241147D}.Ad-Hoc|Mixed Platforms.ActiveCfg = Release|Any CPU
		{8E099089-99C0-44A8-8927-43670241147D}.Ad-Hoc|Mixed Platforms.Build.0 = Release|Any CPU
		{8E099089-99C0-44A8-8927-43670241147D}.Ad-Hoc|Mixed Platforms.Deploy.0 = Release|Any CPU
		{8E099089-99C0-44A8-8927-43670241147D}.Ad-Hoc|x86.ActiveCfg = Release|Any CPU
		{8E099089-99C0-44A8-8927-43670241147D}.AppStore|Any CPU.ActiveCfg = Release|Any CPU
		{8E099089-99C0-44A8-8927-43670241147D}.AppStore|Any CPU.Build.0 = Release|Any CPU
		{8E099089-99C0-44A8-8927-43670241147D}.AppStore|Any CPU.Deploy.0 = Release|Any CPU
		{8E099089-99C0-44A8-8927-43670241147D}.AppStore|ARM.ActiveCfg = Release|Any CPU
		{8E099089-99C0-44A8-8927-43670241147D}.AppStore|iPhone.ActiveCfg = Release|Any CPU
		{8E099089-99C0-44A8-8927-43670241147D}.AppStore|iPhoneSimulator.ActiveCfg = Release|Any CPU
		{8E099089-99C0-44A8-8927-43670241147D}.AppStore|Mixed Platforms.ActiveCfg = Release|Any CPU
		{8E099089-99C0-44A8-8927-43670241147D}.AppStore|Mixed Platforms.Build.0 = Release|Any CPU
		{8E099089-99C0-44A8-8927-43670241147D}.AppStore|Mixed Platforms.Deploy.0 = Release|Any CPU
		{8E099089-99C0-44A8-8927-43670241147D}.AppStore|x86.ActiveCfg = Release|Any CPU
		{8E099089-99C0-44A8-8927-43670241147D}.Debug|Any CPU.ActiveCfg = Debug|Any CPU
		{8E099089-99C0-44A8-8927-43670241147D}.Debug|Any CPU.Build.0 = Debug|Any CPU
		{8E099089-99C0-44A8-8927-43670241147D}.Debug|Any CPU.Deploy.0 = Debug|Any CPU
		{8E099089-99C0-44A8-8927-43670241147D}.Debug|ARM.ActiveCfg = Debug|Any CPU
		{8E099089-99C0-44A8-8927-43670241147D}.Debug|iPhone.ActiveCfg = Debug|Any CPU
		{8E099089-99C0-44A8-8927-43670241147D}.Debug|iPhoneSimulator.ActiveCfg = Debug|Any CPU
		{8E099089-99C0-44A8-8927-43670241147D}.Debug|Mixed Platforms.ActiveCfg = Debug|Any CPU
		{8E099089-99C0-44A8-8927-43670241147D}.Debug|Mixed Platforms.Build.0 = Debug|Any CPU
		{8E099089-99C0-44A8-8927-43670241147D}.Debug|Mixed Platforms.Deploy.0 = Debug|Any CPU
		{8E099089-99C0-44A8-8927-43670241147D}.Debug|x86.ActiveCfg = Debug|Any CPU
		{8E099089-99C0-44A8-8927-43670241147D}.Release|Any CPU.ActiveCfg = Release|Any CPU
		{8E099089-99C0-44A8-8927-43670241147D}.Release|Any CPU.Build.0 = Release|Any CPU
		{8E099089-99C0-44A8-8927-43670241147D}.Release|Any CPU.Deploy.0 = Release|Any CPU
		{8E099089-99C0-44A8-8927-43670241147D}.Release|ARM.ActiveCfg = Release|Any CPU
		{8E099089-99C0-44A8-8927-43670241147D}.Release|iPhone.ActiveCfg = Release|Any CPU
		{8E099089-99C0-44A8-8927-43670241147D}.Release|iPhoneSimulator.ActiveCfg = Release|Any CPU
		{8E099089-99C0-44A8-8927-43670241147D}.Release|Mixed Platforms.ActiveCfg = Release|Any CPU
		{8E099089-99C0-44A8-8927-43670241147D}.Release|Mixed Platforms.Build.0 = Release|Any CPU
		{8E099089-99C0-44A8-8927-43670241147D}.Release|Mixed Platforms.Deploy.0 = Release|Any CPU
		{8E099089-99C0-44A8-8927-43670241147D}.Release|x86.ActiveCfg = Release|Any CPU
	EndGlobalSection
	GlobalSection(SolutionProperties) = preSolution
		HideSolutionNode = FALSE
	EndGlobalSection
	GlobalSection(MonoDevelopProperties) = preSolution
		StartupItem = DemoApp.Touch\DemoApp.Touch.csproj
	EndGlobalSection
EndGlobal
